
Microsoft Visual Studio Solution File, Format Version 12.00
# Visual Studio Version 17
VisualStudioVersion = 17.10.35004.147
MinimumVisualStudioVersion = 10.0.40219.1
Project("{FAE04EC0-301F-11D3-BF4B-00C04F79EFBC}") = "calcuForm1", "calcuForm1.csproj", "{1556FE51-D81D-4887-B596-3CE2639ABF30}"
EndProject
Global
	GlobalSection(SolutionConfigurationPlatforms) = preSolution
		Debug|Any CPU = Debug|Any CPU
		Release|Any CPU = Release|Any CPU
	EndGlobalSection
	GlobalSection(ProjectConfigurationPlatforms) = postSolution
		{1556FE51-D81D-4887-B596-3CE2639ABF30}.Debug|Any CPU.ActiveCfg = Debug|Any CPU
		{1556FE51-D81D-4887-B596-3CE2639ABF30}.Debug|Any CPU.Build.0 = Debug|Any CPU
		{1556FE51-D81D-4887-B596-3CE2639ABF30}.Release|Any CPU.ActiveCfg = Release|Any CPU
		{1556FE51-D81D-4887-B596-3CE2639ABF30}.Release|Any CPU.Build.0 = Release|Any CPU
	EndGlobalSection
	GlobalSection(SolutionProperties) = preSolution
		HideSolutionNode = FALSE
	EndGlobalSection
	GlobalSection(ExtensibilityGlobals) = postSolution
		SolutionGuid = {6D5C5B15-B6F8-42D7-A0B7-43CE6E98DFE0}
	EndGlobalSection
EndGlobal
